// !$*UTF8*$!
{
	archiveVersion = 1;
	classes = {
	};
	objectVersion = 46;
	objects = {

/* Begin PBXBuildFile section */
		916D36F318A25A8800C4492F /* Foundation.framework in Frameworks */ = {isa = PBXBuildFile; fileRef = 916D36F218A25A8800C4492F /* Foundation.framework */; };
		916D36F518A25A8800C4492F /* CoreGraphics.framework in Frameworks */ = {isa = PBXBuildFile; fileRef = 916D36F418A25A8800C4492F /* CoreGraphics.framework */; };
		916D36F718A25A8800C4492F /* UIKit.framework in Frameworks */ = {isa = PBXBuildFile; fileRef = 916D36F618A25A8800C4492F /* UIKit.framework */; };
		916D36FD18A25A8800C4492F /* InfoPlist.strings in Resources */ = {isa = PBXBuildFile; fileRef = 916D36FB18A25A8800C4492F /* InfoPlist.strings */; };
		916D36FF18A25A8800C4492F /* main.m in Sources */ = {isa = PBXBuildFile; fileRef = 916D36FE18A25A8800C4492F /* main.m */; };
		916D370318A25A8800C4492F /* NRAppDelegate.m in Sources */ = {isa = PBXBuildFile; fileRef = 916D370218A25A8800C4492F /* NRAppDelegate.m */; };
		916D370618A25A8800C4492F /* Main.storyboard in Resources */ = {isa = PBXBuildFile; fileRef = 916D370418A25A8800C4492F /* Main.storyboard */; };
		916D370918A25A8800C4492F /* NRViewController.m in Sources */ = {isa = PBXBuildFile; fileRef = 916D370818A25A8800C4492F /* NRViewController.m */; };
		916D370B18A25A8800C4492F /* Images.xcassets in Resources */ = {isa = PBXBuildFile; fileRef = 916D370A18A25A8800C4492F /* Images.xcassets */; };
		916D372918A25AA800C4492F /* NRTextViewDimensions.m in Sources */ = {isa = PBXBuildFile; fileRef = 916D372818A25AA800C4492F /* NRTextViewDimensions.m */; };
		916D372B18A25E8000C4492F /* DonMartin.plist in Resources */ = {isa = PBXBuildFile; fileRef = 916D372A18A25E8000C4492F /* DonMartin.plist */; };
/* End PBXBuildFile section */

/* Begin PBXFileReference section */
		916D36EF18A25A8800C4492F /* TextViewDimensions.app */ = {isa = PBXFileReference; explicitFileType = wrapper.application; includeInIndex = 0; path = TextViewDimensions.app; sourceTree = BUILT_PRODUCTS_DIR; };
		916D36F218A25A8800C4492F /* Foundation.framework */ = {isa = PBXFileReference; lastKnownFileType = wrapper.framework; name = Foundation.framework; path = System/Library/Frameworks/Foundation.framework; sourceTree = SDKROOT; };
		916D36F418A25A8800C4492F /* CoreGraphics.framework */ = {isa = PBXFileReference; lastKnownFileType = wrapper.framework; name = CoreGraphics.framework; path = System/Library/Frameworks/CoreGraphics.framework; sourceTree = SDKROOT; };
		916D36F618A25A8800C4492F /* UIKit.framework */ = {isa = PBXFileReference; lastKnownFileType = wrapper.framework; name = UIKit.framework; path = System/Library/Frameworks/UIKit.framework; sourceTree = SDKROOT; };
		916D36FA18A25A8800C4492F /* TextViewDimensions-Info.plist */ = {isa = PBXFileReference; lastKnownFileType = text.plist.xml; path = "TextViewDimensions-Info.plist"; sourceTree = "<group>"; };
		916D36FC18A25A8800C4492F /* en */ = {isa = PBXFileReference; lastKnownFileType = text.plist.strings; name = en; path = en.lproj/InfoPlist.strings; sourceTree = "<group>"; };
		916D36FE18A25A8800C4492F /* main.m */ = {isa = PBXFileReference; lastKnownFileType = sourcecode.c.objc; path = main.m; sourceTree = "<group>"; };
		916D370018A25A8800C4492F /* TextViewDimensions-Prefix.pch */ = {isa = PBXFileReference; lastKnownFileType = sourcecode.c.h; path = "TextViewDimensions-Prefix.pch"; sourceTree = "<group>"; };
		916D370118A25A8800C4492F /* NRAppDelegate.h */ = {isa = PBXFileReference; lastKnownFileType = sourcecode.c.h; path = NRAppDelegate.h; sourceTree = "<group>"; };
		916D370218A25A8800C4492F /* NRAppDelegate.m */ = {isa = PBXFileReference; lastKnownFileType = sourcecode.c.objc; path = NRAppDelegate.m; sourceTree = "<group>"; };
		916D370518A25A8800C4492F /* Base */ = {isa = PBXFileReference; lastKnownFileType = file.storyboard; name = Base; path = Base.lproj/Main.storyboard; sourceTree = "<group>"; };
		916D370718A25A8800C4492F /* NRViewController.h */ = {isa = PBXFileReference; lastKnownFileType = sourcecode.c.h; path = NRViewController.h; sourceTree = "<group>"; };
		916D370818A25A8800C4492F /* NRViewController.m */ = {isa = PBXFileReference; lastKnownFileType = sourcecode.c.objc; path = NRViewController.m; sourceTree = "<group>"; };
		916D370A18A25A8800C4492F /* Images.xcassets */ = {isa = PBXFileReference; lastKnownFileType = folder.assetcatalog; path = Images.xcassets; sourceTree = "<group>"; };
		916D371118A25A8800C4492F /* XCTest.framework */ = {isa = PBXFileReference; lastKnownFileType = wrapper.framework; name = XCTest.framework; path = Library/Frameworks/XCTest.framework; sourceTree = DEVELOPER_DIR; };
		916D372718A25AA800C4492F /* NRTextViewDimensions.h */ = {isa = PBXFileReference; fileEncoding = 4; lastKnownFileType = sourcecode.c.h; path = NRTextViewDimensions.h; sourceTree = "<group>"; };
		916D372818A25AA800C4492F /* NRTextViewDimensions.m */ = {isa = PBXFileReference; fileEncoding = 4; lastKnownFileType = sourcecode.c.objc; path = NRTextViewDimensions.m; sourceTree = "<group>"; };
		916D372A18A25E8000C4492F /* DonMartin.plist */ = {isa = PBXFileReference; fileEncoding = 4; lastKnownFileType = text.plist.xml; path = DonMartin.plist; sourceTree = "<group>"; };
/* End PBXFileReference section */

/* Begin PBXFrameworksBuildPhase section */
		916D36EC18A25A8800C4492F /* Frameworks */ = {
			isa = PBXFrameworksBuildPhase;
			buildActionMask = 2147483647;
			files = (
				916D36F518A25A8800C4492F /* CoreGraphics.framework in Frameworks */,
				916D36F718A25A8800C4492F /* UIKit.framework in Frameworks */,
				916D36F318A25A8800C4492F /* Foundation.framework in Frameworks */,
			);
			runOnlyForDeploymentPostprocessing = 0;
		};
/* End PBXFrameworksBuildPhase section */

/* Begin PBXGroup section */
		916D36E618A25A8800C4492F = {
			isa = PBXGroup;
			children = (
				916D36F818A25A8800C4492F /* TextViewDimensions */,
				916D36F118A25A8800C4492F /* Frameworks */,
				916D36F018A25A8800C4492F /* Products */,
			);
			sourceTree = "<group>";
		};
		916D36F018A25A8800C4492F /* Products */ = {
			isa = PBXGroup;
			children = (
				916D36EF18A25A8800C4492F /* TextViewDimensions.app */,
			);
			name = Products;
			sourceTree = "<group>";
		};
		916D36F118A25A8800C4492F /* Frameworks */ = {
			isa = PBXGroup;
			children = (
				916D36F218A25A8800C4492F /* Foundation.framework */,
				916D36F418A25A8800C4492F /* CoreGraphics.framework */,
				916D36F618A25A8800C4492F /* UIKit.framework */,
				916D371118A25A8800C4492F /* XCTest.framework */,
			);
			name = Frameworks;
			sourceTree = "<group>";
		};
		916D36F818A25A8800C4492F /* TextViewDimensions */ = {
			isa = PBXGroup;
			children = (
				916D370118A25A8800C4492F /* NRAppDelegate.h */,
				916D370218A25A8800C4492F /* NRAppDelegate.m */,
				916D370418A25A8800C4492F /* Main.storyboard */,
				916D370718A25A8800C4492F /* NRViewController.h */,
				916D370818A25A8800C4492F /* NRViewController.m */,
				916D370A18A25A8800C4492F /* Images.xcassets */,
				916D36F918A25A8800C4492F /* Supporting Files */,
				916D372718A25AA800C4492F /* NRTextViewDimensions.h */,
				916D372818A25AA800C4492F /* NRTextViewDimensions.m */,
			);
			path = TextViewDimensions;
			sourceTree = "<group>";
		};
		916D36F918A25A8800C4492F /* Supporting Files */ = {
			isa = PBXGroup;
			children = (
				916D372A18A25E8000C4492F /* DonMartin.plist */,
				916D36FA18A25A8800C4492F /* TextViewDimensions-Info.plist */,
				916D36FB18A25A8800C4492F /* InfoPlist.strings */,
				916D36FE18A25A8800C4492F /* main.m */,
				916D370018A25A8800C4492F /* TextViewDimensions-Prefix.pch */,
			);
			name = "Supporting Files";
			sourceTree = "<group>";
		};
/* End PBXGroup section */

/* Begin PBXNativeTarget section */
		916D36EE18A25A8800C4492F /* TextViewDimensions */ = {
			isa = PBXNativeTarget;
			buildConfigurationList = 916D372118A25A8800C4492F /* Build configuration list for PBXNativeTarget "TextViewDimensions" */;
			buildPhases = (
				916D36EB18A25A8800C4492F /* Sources */,
				916D36EC18A25A8800C4492F /* Frameworks */,
				916D36ED18A25A8800C4492F /* Resources */,
			);
			buildRules = (
			);
			dependencies = (
			);
			name = TextViewDimensions;
			productName = TextViewDimensions;
			productReference = 916D36EF18A25A8800C4492F /* TextViewDimensions.app */;
			productType = "com.apple.product-type.application";
		};
/* End PBXNativeTarget section */

/* Begin PBXProject section */
		916D36E718A25A8800C4492F /* Project object */ = {
			isa = PBXProject;
			attributes = {
				CLASSPREFIX = NR;
				LastUpgradeCheck = 0510;
				ORGANIZATIONNAME = "Nikolai Ruhe";
			};
			buildConfigurationList = 916D36EA18A25A8800C4492F /* Build configuration list for PBXProject "TextViewDimensions" */;
			compatibilityVersion = "Xcode 3.2";
			developmentRegion = English;
			hasScannedForEncodings = 0;
			knownRegions = (
				en,
				Base,
			);
			mainGroup = 916D36E618A25A8800C4492F;
			productRefGroup = 916D36F018A25A8800C4492F /* Products */;
			projectDirPath = "";
			projectRoot = "";
			targets = (
				916D36EE18A25A8800C4492F /* TextViewDimensions */,
			);
		};
/* End PBXProject section */

/* Begin PBXResourcesBuildPhase section */
		916D36ED18A25A8800C4492F /* Resources */ = {
			isa = PBXResourcesBuildPhase;
			buildActionMask = 2147483647;
			files = (
				916D370B18A25A8800C4492F /* Images.xcassets in Resources */,
				916D372B18A25E8000C4492F /* DonMartin.plist in Resources */,
				916D36FD18A25A8800C4492F /* InfoPlist.strings in Resources */,
				916D370618A25A8800C4492F /* Main.storyboard in Resources */,
			);
			runOnlyForDeploymentPostprocessing = 0;
		};
/* End PBXResourcesBuildPhase section */

/* Begin PBXSourcesBuildPhase section */
		916D36EB18A25A8800C4492F /* Sources */ = {
			isa = PBXSourcesBuildPhase;
			buildActionMask = 2147483647;
			files = (
				916D370918A25A8800C4492F /* NRViewController.m in Sources */,
				916D370318A25A8800C4492F /* NRAppDelegate.m in Sources */,
				916D372918A25AA800C4492F /* NRTextViewDimensions.m in Sources */,
				916D36FF18A25A8800C4492F /* main.m in Sources */,
			);
			runOnlyForDeploymentPostprocessing = 0;
		};
/* End PBXSourcesBuildPhase section */

/* Begin PBXVariantGroup section */
		916D36FB18A25A8800C4492F /* InfoPlist.strings */ = {
			isa = PBXVariantGroup;
			children = (
				916D36FC18A25A8800C4492F /* en */,
			);
			name = InfoPlist.strings;
			sourceTree = "<group>";
		};
		916D370418A25A8800C4492F /* Main.storyboard */ = {
			isa = PBXVariantGroup;
			children = (
				916D370518A25A8800C4492F /* Base */,
			);
			name = Main.storyboard;
			sourceTree = "<group>";
		};
/* End PBXVariantGroup section */

/* Begin XCBuildConfiguration section */
		916D371F18A25A8800C4492F /* Debug */ = {
			isa = XCBuildConfiguration;
			buildSettings = {
				ALWAYS_SEARCH_USER_PATHS = NO;
				CLANG_CXX_LANGUAGE_STANDARD = "gnu++0x";
				CLANG_CXX_LIBRARY = "libc++";
				CLANG_ENABLE_MODULES = YES;
				CLANG_ENABLE_OBJC_ARC = YES;
				CLANG_WARN_BOOL_CONVERSION = YES;
				CLANG_WARN_CONSTANT_CONVERSION = YES;
				CLANG_WARN_DIRECT_OBJC_ISA_USAGE = YES_ERROR;
				CLANG_WARN_EMPTY_BODY = YES;
				CLANG_WARN_ENUM_CONVERSION = YES;
				CLANG_WARN_INT_CONVERSION = YES;
				CLANG_WARN_OBJC_ROOT_CLASS = YES_ERROR;
				CLANG_WARN__DUPLICATE_METHOD_MATCH = YES;
				"CODE_SIGN_IDENTITY[sdk=iphoneos*]" = "iPhone Developer";
				COPY_PHASE_STRIP = NO;
				GCC_C_LANGUAGE_STANDARD = gnu99;
				GCC_DYNAMIC_NO_PIC = NO;
				GCC_OPTIMIZATION_LEVEL = 0;
				GCC_PREPROCESSOR_DEFINITIONS = (
					"DEBUG=1",
					"$(inherited)",
				);
				GCC_SYMBOLS_PRIVATE_EXTERN = NO;
				GCC_WARN_64_TO_32_BIT_CONVERSION = YES;
				GCC_WARN_ABOUT_RETURN_TYPE = YES_ERROR;
				GCC_WARN_UNDECLARED_SELECTOR = YES;
				GCC_WARN_UNINITIALIZED_AUTOS = YES_AGGRESSIVE;
				GCC_WARN_UNUSED_FUNCTION = YES;
				GCC_WARN_UNUSED_VARIABLE = YES;
				IPHONEOS_DEPLOYMENT_TARGET = 7.1;
				ONLY_ACTIVE_ARCH = YES;
				SDKROOT = iphoneos;
			};
			name = Debug;
		};
		916D372018A25A8800C4492F /* Release */ = {
			isa = XCBuildConfiguration;
			buildSettings = {
				ALWAYS_SEARCH_USER_PATHS = NO;
				CLANG_CXX_LANGUAGE_STANDARD = "gnu++0x";
				CLANG_CXX_LIBRARY = "libc++";
				CLANG_ENABLE_MODULES = YES;
				CLANG_ENABLE_OBJC_ARC = YES;
				CLANG_WARN_BOOL_CONVERSION = YES;
				CLANG_WARN_CONSTANT_CONVERSION = YES;
				CLANG_WARN_DIRECT_OBJC_ISA_USAGE = YES_ERROR;
				CLANG_WARN_EMPTY_BODY = YES;
				CLANG_WARN_ENUM_CONVERSION = YES;
				CLANG_WARN_INT_CONVERSION = YES;
				CLANG_WARN_OBJC_ROOT_CLASS = YES_ERROR;
				CLANG_WARN__DUPLICATE_METHOD_MATCH = YES;
				"CODE_SIGN_IDENTITY[sdk=iphoneos*]" = "iPhone Developer";
				COPY_PHASE_STRIP = YES;
				ENABLE_NS_ASSERTIONS = NO;
				GCC_C_LANGUAGE_STANDARD = gnu99;
				GCC_WARN_64_TO_32_BIT_CONVERSION = YES;
				GCC_WARN_ABOUT_RETURN_TYPE = YES_ERROR;
				GCC_WARN_UNDECLARED_SELECTOR = YES;
				GCC_WARN_UNINITIALIZED_AUTOS = YES_AGGRESSIVE;
				GCC_WARN_UNUSED_FUNCTION = YES;
				GCC_WARN_UNUSED_VARIABLE = YES;
				IPHONEOS_DEPLOYMENT_TARGET = 7.1;
				SDKROOT = iphoneos;
				VALIDATE_PRODUCT = YES;
			};
			name = Release;
		};
		916D372218A25A8800C4492F /* Debug */ = {
			isa = XCBuildConfiguration;
			buildSettings = {
				ASSETCATALOG_COMPILER_APPICON_NAME = AppIcon;
				ASSETCATALOG_COMPILER_LAUNCHIMAGE_NAME = LaunchImage;
				GCC_PRECOMPILE_PREFIX_HEADER = YES;
				GCC_PREFIX_HEADER = "TextViewDimensions/TextViewDimensions-Prefix.pch";
				INFOPLIST_FILE = "TextViewDimensions/TextViewDimensions-Info.plist";
				IPHONEOS_DEPLOYMENT_TARGET = 7.0;
				PRODUCT_NAME = "$(TARGET_NAME)";
				WRAPPER_EXTENSION = app;
			};
			name = Debug;
		};
		916D372318A25A8800C4492F /* Release */ = {
			isa = XCBuildConfiguration;
			buildSettings = {
				ASSETCATALOG_COMPILER_APPICON_NAME = AppIcon;
				ASSETCATALOG_COMPILER_LAUNCHIMAGE_NAME = LaunchImage;
				GCC_PRECOMPILE_PREFIX_HEADER = YES;
				GCC_PREFIX_HEADER = "TextViewDimensions/TextViewDimensions-Prefix.pch";
				INFOPLIST_FILE = "TextViewDimensions/TextViewDimensions-Info.plist";
				IPHONEOS_DEPLOYMENT_TARGET = 7.0;
				PRODUCT_NAME = "$(TARGET_NAME)";
				WRAPPER_EXTENSION = app;
			};
			name = Release;
		};
/* End XCBuildConfiguration section */

/* Begin XCConfigurationList section */
		916D36EA18A25A8800C4492F /* Build configuration list for PBXProject "TextViewDimensions" */ = {
			isa = XCConfigurationList;
			buildConfigurations = (
				916D371F18A25A8800C4492F /* Debug */,
				916D372018A25A8800C4492F /* Release */,
			);
			defaultConfigurationIsVisible = 0;
			defaultConfigurationName = Release;
		};
		916D372118A25A8800C4492F /* Build configuration list for PBXNativeTarget "TextViewDimensions" */ = {
			isa = XCConfigurationList;
			buildConfigurations = (
				916D372218A25A8800C4492F /* Debug */,
				916D372318A25A8800C4492F /* Release */,
			);
			defaultConfigurationIsVisible = 0;
			defaultConfigurationName = Release;
		};
/* End XCConfigurationList section */
	};
	rootObject = 916D36E718A25A8800C4492F /* Project object */;
}
